
Microsoft Visual Studio Solution File, Format Version 12.00
# Visual Studio Version 17
VisualStudioVersion = 17.0.31903.59
MinimumVisualStudioVersion = 10.0.40219.1
Project("{FAE04EC0-301F-11D3-BF4B-00C04F79EFBC}") = "MafiaTownServer", "MafiaTownServer\MafiaTownServer.csproj", "{C34A78FD-CC3A-4329-9516-2C71583B3CA4}"
EndProject
Project("{FAE04EC0-301F-11D3-BF4B-00C04F79EFBC}") = "MafiaLib", "MafiaLib\MafiaLib.csproj", "{A250DA4A-265C-4377-B8F1-DFC538BC0909}"
EndProject
Project("{FAE04EC0-301F-11D3-BF4B-00C04F79EFBC}") = "MafiaCmdClient", "MafiaCmdClient\MafiaCmdClient.csproj", "{FD1E1EA9-3F0B-40AF-B9AE-B6DEC0E9D085}"
EndProject
Global
	GlobalSection(SolutionConfigurationPlatforms) = preSolution
		Debug|Any CPU = Debug|Any CPU
		Release|Any CPU = Release|Any CPU
	EndGlobalSection
	GlobalSection(SolutionProperties) = preSolution
		HideSolutionNode = FALSE
	EndGlobalSection
	GlobalSection(ProjectConfigurationPlatforms) = postSolution
		{C34A78FD-CC3A-4329-9516-2C71583B3CA4}.Debug|Any CPU.ActiveCfg = Debug|Any CPU
		{C34A78FD-CC3A-4329-9516-2C71583B3CA4}.Debug|Any CPU.Build.0 = Debug|Any CPU
		{C34A78FD-CC3A-4329-9516-2C71583B3CA4}.Release|Any CPU.ActiveCfg = Release|Any CPU
		{C34A78FD-CC3A-4329-9516-2C71583B3CA4}.Release|Any CPU.Build.0 = Release|Any CPU
		{A250DA4A-265C-4377-B8F1-DFC538BC0909}.Debug|Any CPU.ActiveCfg = Debug|Any CPU
		{A250DA4A-265C-4377-B8F1-DFC538BC0909}.Debug|Any CPU.Build.0 = Debug|Any CPU
		{A250DA4A-265C-4377-B8F1-DFC538BC0909}.Release|Any CPU.ActiveCfg = Release|Any CPU
		{A250DA4A-265C-4377-B8F1-DFC538BC0909}.Release|Any CPU.Build.0 = Release|Any CPU
		{FD1E1EA9-3F0B-40AF-B9AE-B6DEC0E9D085}.Debug|Any CPU.ActiveCfg = Debug|Any CPU
		{FD1E1EA9-3F0B-40AF-B9AE-B6DEC0E9D085}.Debug|Any CPU.Build.0 = Debug|Any CPU
		{FD1E1EA9-3F0B-40AF-B9AE-B6DEC0E9D085}.Release|Any CPU.ActiveCfg = Release|Any CPU
		{FD1E1EA9-3F0B-40AF-B9AE-B6DEC0E9D085}.Release|Any CPU.Build.0 = Release|Any CPU
	EndGlobalSection
EndGlobal
